<?xml version="1.0" encoding="utf-8"?>
<Project ToolsVersion="4.0" xmlns="http://schemas.microsoft.com/developer/msbuild/2003">
  <ItemGroup>
    <Filter Include="Source Files">
      <UniqueIdentifier>{4FC737F1-C7A5-4376-A066-2A32D752A2FF}</UniqueIdentifier>
      <Extensions>cpp;c;cc;cxx;def;odl;idl;hpj;bat;asm;asmx</Extensions>
    </Filter>
    <Filter Include="Header Files">
      <UniqueIdentifier>{93995380-89BD-4b04-88EB-625FBE52EBFB}</UniqueIdentifier>
      <Extensions>h;hpp;hxx;hm;inl;inc;xsd</Extensions>
    </Filter>
    <Filter Include="Resource Files">
      <UniqueIdentifier>{67DA6AB6-F800-4c08-8B7A-83BB121AAD01}</UniqueIdentifier>
      <Extensions>rc;ico;cur;bmp;dlg;rc2;rct;bin;rgs;gif;jpg;jpeg;jpe;resx;tiff;tif;png;wav;mfcribbon-ms</Extensions>
    </Filter>
  </ItemGroup>
  <ItemGroup>
    <None Include="ReadMe.txt" />
  </ItemGroup>
  <ItemGroup>
    <ClInclude Include="stdafx.h">
      <Filter>Header Files</Filter>
    </ClInclude>
    <ClInclude Include="targetver.h">
      <Filter>Header Files</Filter>
    </ClInclude>
    <ClInclude Include="..\..\common\DelayLine.h">
      <Filter>Header Files</Filter>
    </ClInclude>
    <ClInclude Include="..\..\common\DACVoltage.h">
      <Filter>Header Files</Filter>
    </ClInclude>
    <ClInclude Include="..\..\common\SchmidtTrigger.h">
      <Filter>Header Files</Filter>
    </ClInclude>
    <ClInclude Include="..\..\common\GateTrigger.h">
      <Filter>Header Files</Filter>
    </ClInclude>
    <ClInclude Include="..\..\common\SampleAndHold.h">
      <Filter>Header Files</Filter>
    </ClInclude>
    <ClInclude Include="..\..\common\LowPassFilter_dbl.h">
      <Filter>Header Files</Filter>
    </ClInclude>
    <ClInclude Include="..\..\common\Constants.h">
      <Filter>Header Files</Filter>
    </ClInclude>
    <ClInclude Include="..\..\common\Random.h">
      <Filter>Header Files</Filter>
    </ClInclude>
    <ClInclude Include="..\..\common\SlopeDetector.h">
      <Filter>Header Files</Filter>
    </ClInclude>
    <ClInclude Include="..\..\common\DModule.h">
      <Filter>Header Files</Filter>
    </ClInclude>
    <ClInclude Include="..\..\common\DMSampleAndHold.h">
      <Filter>Header Files</Filter>
    </ClInclude>
    <ClInclude Include="..\..\common\DMMisc.h">
      <Filter>Header Files</Filter>
    </ClInclude>
    <ClInclude Include="..\..\common\LFO.h">
      <Filter>Header Files</Filter>
    </ClInclude>
    <ClInclude Include="..\..\common\DMRandomSource1.h">
      <Filter>Header Files</Filter>
    </ClInclude>
    <ClInclude Include="..\..\common\ExpPot.h">
      <Filter>Header Files</Filter>
    </ClInclude>
    <ClInclude Include="..\..\common\DMSlopeDetector.h">
      <Filter>Header Files</Filter>
    </ClInclude>
    <ClInclude Include="..\..\common\FixedPoint.h">
      <Filter>Header Files</Filter>
    </ClInclude>
    <ClInclude Include="..\..\common\DMTest.h">
      <Filter>Header Files</Filter>
    </ClInclude>
    <ClInclude Include="..\..\common\LookupTable.h">
      <Filter>Header Files</Filter>
    </ClInclude>
    <ClInclude Include="TestWrappers.h">
      <Filter>Header Files</Filter>
    </ClInclude>
    <ClInclude Include="..\..\common\LinearInterp.h">
      <Filter>Header Files</Filter>
    </ClInclude>
    <ClInclude Include="..\..\common\Counter.h">
      <Filter>Header Files</Filter>
    </ClInclude>
    <ClInclude Include="..\..\common\DMCounter.h">
      <Filter>Header Files</Filter>
    </ClInclude>
    <ClInclude Include="..\..\common\DMQuantizer.h">
      <Filter>Header Files</Filter>
    </ClInclude>
    <ClInclude Include="..\..\common\DMTuner.h">
      <Filter>Header Files</Filter>
    </ClInclude>
    <ClInclude Include="..\..\common\DMShiftRegister.h">
      <Filter>Header Files</Filter>
    </ClInclude>
    <ClInclude Include="..\..\common\DMAdders.h">
      <Filter>Header Files</Filter>
    </ClInclude>
    <ClInclude Include="..\..\common\TriggerOutput.h">
      <Filter>Header Files</Filter>
    </ClInclude>
    <ClInclude Include="..\..\common\common_headers.h">
      <Filter>Header Files</Filter>
    </ClInclude>
    <ClInclude Include="..\..\common\DMTuningRef.h">
      <Filter>Header Files</Filter>
    </ClInclude>
    <ClInclude Include="..\..\common\DMTrackAndHoldAla152.h">
      <Filter>Header Files</Filter>
    </ClInclude>
    <ClInclude Include="..\..\common\DiscreteLookup.h">
      <Filter>Header Files</Filter>
    </ClInclude>
    <ClInclude Include="..\..\common\DMSwitch.h">
      <Filter>Header Files</Filter>
    </ClInclude>
    <ClInclude Include="..\..\common\DMBankSelector.h">
      <Filter>Header Files</Filter>
    </ClInclude>
    <ClInclude Include="..\..\common\ChromaticQuantizer.h">
      <Filter>Header Files</Filter>
    </ClInclude>
    <ClInclude Include="..\..\common\DiatonicPitchMapper.h">
      <Filter>Header Files</Filter>
    </ClInclude>
    <ClInclude Include="..\..\common\LowpassFilter_f.h">
      <Filter>Header Files</Filter>
    </ClInclude>
    <ClInclude Include="..\..\common\ScaleQuantizer.h">
      <Filter>Header Files</Filter>
    </ClInclude>
    <ClInclude Include="TestUtils.h">
      <Filter>Source Files</Filter>
    </ClInclude>
    <ClInclude Include="..\..\common\DMScaleQuantizer.h">
      <Filter>Header Files</Filter>
    </ClInclude>
    <ClInclude Include="ModuleTester.h">
      <Filter>Source Files</Filter>
    </ClInclude>
    <ClInclude Include="..\..\common\OctaveScaleManager.h">
      <Filter>Header Files</Filter>
    </ClInclude>
    <ClInclude Include="..\..\common\ScaleQuantizeAndRotate.h">
      <Filter>Header Files</Filter>
    </ClInclude>
  </ItemGroup>
  <ItemGroup>
    <ClCompile Include="stdafx.cpp">
      <Filter>Source Files</Filter>
    </ClCompile>
    <ClCompile Include="UnitTest.cpp">
      <Filter>Source Files</Filter>
    </ClCompile>
    <ClCompile Include="DelayTest.cpp">
      <Filter>Source Files</Filter>
    </ClCompile>
    <ClCompile Include="SampleAndHoldTest.cpp">
      <Filter>Source Files</Filter>
    </ClCompile>
    <ClCompile Include="LPFilterTest.cpp">
      <Filter>Source Files</Filter>
    </ClCompile>
    <ClCompile Include="RandomTest.cpp">
      <Filter>Source Files</Filter>
    </ClCompile>
    <ClCompile Include="SlopeDetectorTests.cpp">
      <Filter>Source Files</Filter>
    </ClCompile>
    <ClCompile Include="MiscTest.cpp">
      <Filter>Source Files</Filter>
    </ClCompile>
    <ClCompile Include="FixedPointTest.cpp">
      <Filter>Source Files</Filter>
    </ClCompile>
    <ClCompile Include="LookupTableTest.cpp">
      <Filter>Source Files</Filter>
    </ClCompile>
    <ClCompile Include="SlopeDetectorTests2.cpp">
      <Filter>Source Files</Filter>
    </ClCompile>
    <ClCompile Include="SlopeDetectorModuleTests.cpp">
      <Filter>Source Files</Filter>
    </ClCompile>
    <ClCompile Include="SampleAndHoldModuleTests.cpp">
      <Filter>Source Files</Filter>
    </ClCompile>
    <ClCompile Include="LinearInterpTests.cpp">
      <Filter>Source Files</Filter>
    </ClCompile>
    <ClCompile Include="CounterTests.cpp">
      <Filter>Source Files</Filter>
    </ClCompile>
    <ClCompile Include="QuantizerTests.cpp">
      <Filter>Source Files</Filter>
    </ClCompile>
    <ClCompile Include="AdderTests.cpp">
      <Filter>Source Files</Filter>
    </ClCompile>
    <ClCompile Include="Calibrate.cpp">
      <Filter>Source Files</Filter>
    </ClCompile>
    <ClCompile Include="Ala152Test.cpp">
      <Filter>Source Files</Filter>
    </ClCompile>
    <ClCompile Include="DACVoltageTest.cpp">
      <Filter>Source Files</Filter>
    </ClCompile>
    <ClCompile Include="GateTriggerTests.cpp">
      <Filter>Source Files</Filter>
    </ClCompile>
    <ClCompile Include="LFOTest.cpp">
      <Filter>Source Files</Filter>
    </ClCompile>
    <ClCompile Include="SwitchTests.cpp">
      <Filter>Source Files</Filter>
    </ClCompile>
    <ClCompile Include="BankTests.cpp">
      <Filter>Source Files</Filter>
    </ClCompile>
    <ClCompile Include="ScaleQuantizerTests.cpp">
      <Filter>Source Files</Filter>
    </ClCompile>
    <ClCompile Include="..\..\common\Quantizer.cpp">
      <Filter>Header Files</Filter>
    </ClCompile>
    <ClCompile Include="ModuleTesterTester.cpp">
      <Filter>Source Files</Filter>
    </ClCompile>
    <ClCompile Include="ModuleTester.cpp">
      <Filter>Source Files</Filter>
    </ClCompile>
    <ClCompile Include="QuantizerModuleTests.cpp">
      <Filter>Source Files</Filter>
    </ClCompile>
  </ItemGroup>
</Project>